
Microsoft Visual Studio Solution File, Format Version 12.00
# Visual Studio Version 16
VisualStudioVersion = 16.0.32106.194
MinimumVisualStudioVersion = 10.0.40219.1
Project("{9A19103F-16F7-4668-BE54-9A1E7A4F7556}") = "NierReincarnation.Core", "nier-rein-api\NierReincarnation.Core\NierReincarnation.Core.csproj", "{20ED95DE-2E96-4BF0-AAA4-4C3E2785F3C0}"
EndProject
Project("{9A19103F-16F7-4668-BE54-9A1E7A4F7556}") = "NierReincarnation", "nier-rein-api\NierReincarnation\NierReincarnation.csproj", "{2CCDC76C-CF2A-4D83-9061-170647A345BE}"
EndProject
Project("{9A19103F-16F7-4668-BE54-9A1E7A4F7556}") = "AssetStudio", "nier-rein-api\AssetStudio\AssetStudio\AssetStudio.csproj", "{EBD26746-4E3F-40C1-929F-2C027EABC232}"
EndProject
Global
	GlobalSection(SolutionConfigurationPlatforms) = preSolution
		Debug|Any CPU = Debug|Any CPU
		Release|Any CPU = Release|Any CPU
	EndGlobalSection
	GlobalSection(ProjectConfigurationPlatforms) = postSolution
		{20ED95DE-2E96-4BF0-AAA4-4C3E2785F3C0}.Debug|Any CPU.ActiveCfg = Debug|Any CPU
		{20ED95DE-2E96-4BF0-AAA4-4C3E2785F3C0}.Debug|Any CPU.Build.0 = Debug|Any CPU
		{20ED95DE-2E96-4BF0-AAA4-4C3E2785F3C0}.Release|Any CPU.ActiveCfg = Release|Any CPU
		{20ED95DE-2E96-4BF0-AAA4-4C3E2785F3C0}.Release|Any CPU.Build.0 = Release|Any CPU
		{2CCDC76C-CF2A-4D83-9061-170647A345BE}.Debug|Any CPU.ActiveCfg = Debug|Any CPU
		{2CCDC76C-CF2A-4D83-9061-170647A345BE}.Debug|Any CPU.Build.0 = Debug|Any CPU
		{2CCDC76C-CF2A-4D83-9061-170647A345BE}.Release|Any CPU.ActiveCfg = Release|Any CPU
		{2CCDC76C-CF2A-4D83-9061-170647A345BE}.Release|Any CPU.Build.0 = Release|Any CPU
		{EBD26746-4E3F-40C1-929F-2C027EABC232}.Debug|Any CPU.ActiveCfg = Debug|Any CPU
		{EBD26746-4E3F-40C1-929F-2C027EABC232}.Debug|Any CPU.Build.0 = Debug|Any CPU
		{EBD26746-4E3F-40C1-929F-2C027EABC232}.Release|Any CPU.ActiveCfg = Release|Any CPU
		{EBD26746-4E3F-40C1-929F-2C027EABC232}.Release|Any CPU.Build.0 = Release|Any CPU
	EndGlobalSection
	GlobalSection(SolutionProperties) = preSolution
		HideSolutionNode = FALSE
	EndGlobalSection
	GlobalSection(ExtensibilityGlobals) = postSolution
		SolutionGuid = {0197A970-36E9-4733-810C-74D191C3C4DE}
	EndGlobalSection
EndGlobal
