
Microsoft Visual Studio Solution File, Format Version 12.00
# Visual Studio Version 16
VisualStudioVersion = 16.0.32106.194
MinimumVisualStudioVersion = 10.0.40219.1
Project("{9A19103F-16F7-4668-BE54-9A1E7A4F7556}") = "nier-rein-cli", "nier-rein-cli\nier-rein-cli.csproj", "{0C00139F-069B-4CFF-B6A9-D5D6CD48DFC1}"
EndProject
Project("{9A19103F-16F7-4668-BE54-9A1E7A4F7556}") = "NierReincarnation.Core", "nier-rein-api\NierReincarnation.Core\NierReincarnation.Core.csproj", "{E02DB68E-25E0-4F7E-B991-AB18DF4BF134}"
EndProject
Project("{9A19103F-16F7-4668-BE54-9A1E7A4F7556}") = "NierReincarnation", "nier-rein-api\NierReincarnation\NierReincarnation.csproj", "{12A1A255-1710-4048-B119-AF21387833D4}"
EndProject
Project("{9A19103F-16F7-4668-BE54-9A1E7A4F7556}") = "AssetStudio", "nier-rein-api\AssetStudio\AssetStudio\AssetStudio.csproj", "{D998CC5C-CA25-4B2F-8721-F6A4E7DA7CD2}"
EndProject
Global
	GlobalSection(SolutionConfigurationPlatforms) = preSolution
		Debug|Any CPU = Debug|Any CPU
		Release|Any CPU = Release|Any CPU
	EndGlobalSection
	GlobalSection(ProjectConfigurationPlatforms) = postSolution
		{0C00139F-069B-4CFF-B6A9-D5D6CD48DFC1}.Debug|Any CPU.ActiveCfg = Debug|Any CPU
		{0C00139F-069B-4CFF-B6A9-D5D6CD48DFC1}.Debug|Any CPU.Build.0 = Debug|Any CPU
		{0C00139F-069B-4CFF-B6A9-D5D6CD48DFC1}.Release|Any CPU.ActiveCfg = Release|Any CPU
		{0C00139F-069B-4CFF-B6A9-D5D6CD48DFC1}.Release|Any CPU.Build.0 = Release|Any CPU
		{E02DB68E-25E0-4F7E-B991-AB18DF4BF134}.Debug|Any CPU.ActiveCfg = Debug|Any CPU
		{E02DB68E-25E0-4F7E-B991-AB18DF4BF134}.Debug|Any CPU.Build.0 = Debug|Any CPU
		{E02DB68E-25E0-4F7E-B991-AB18DF4BF134}.Release|Any CPU.ActiveCfg = Release|Any CPU
		{E02DB68E-25E0-4F7E-B991-AB18DF4BF134}.Release|Any CPU.Build.0 = Release|Any CPU
		{12A1A255-1710-4048-B119-AF21387833D4}.Debug|Any CPU.ActiveCfg = Debug|Any CPU
		{12A1A255-1710-4048-B119-AF21387833D4}.Debug|Any CPU.Build.0 = Debug|Any CPU
		{12A1A255-1710-4048-B119-AF21387833D4}.Release|Any CPU.ActiveCfg = Release|Any CPU
		{12A1A255-1710-4048-B119-AF21387833D4}.Release|Any CPU.Build.0 = Release|Any CPU
		{D998CC5C-CA25-4B2F-8721-F6A4E7DA7CD2}.Debug|Any CPU.ActiveCfg = Debug|Any CPU
		{D998CC5C-CA25-4B2F-8721-F6A4E7DA7CD2}.Debug|Any CPU.Build.0 = Debug|Any CPU
		{D998CC5C-CA25-4B2F-8721-F6A4E7DA7CD2}.Release|Any CPU.ActiveCfg = Release|Any CPU
		{D998CC5C-CA25-4B2F-8721-F6A4E7DA7CD2}.Release|Any CPU.Build.0 = Release|Any CPU
	EndGlobalSection
	GlobalSection(SolutionProperties) = preSolution
		HideSolutionNode = FALSE
	EndGlobalSection
	GlobalSection(ExtensibilityGlobals) = postSolution
		SolutionGuid = {2E6C689A-3D9C-4103-ACE7-4DE1F66033A6}
	EndGlobalSection
EndGlobal
