
Microsoft Visual Studio Solution File, Format Version 12.00
# Visual Studio Version 17
VisualStudioVersion = 17.4.33403.182
MinimumVisualStudioVersion = 10.0.40219.1
Project("{9A19103F-16F7-4668-BE54-9A1E7A4F7556}") = "NierReincarnation.App", "NierReincarnation.App\NierReincarnation.App.csproj", "{12B1AD91-909A-4994-B2B1-C93472DB1ADB}"
EndProject
Global
	GlobalSection(SolutionConfigurationPlatforms) = preSolution
		Debug|Any CPU = Debug|Any CPU
		Release|Any CPU = Release|Any CPU
	EndGlobalSection
	GlobalSection(ProjectConfigurationPlatforms) = postSolution
		{12B1AD91-909A-4994-B2B1-C93472DB1ADB}.Debug|Any CPU.ActiveCfg = Debug|Any CPU
		{12B1AD91-909A-4994-B2B1-C93472DB1ADB}.Debug|Any CPU.Build.0 = Debug|Any CPU
		{12B1AD91-909A-4994-B2B1-C93472DB1ADB}.Release|Any CPU.ActiveCfg = Release|Any CPU
		{12B1AD91-909A-4994-B2B1-C93472DB1ADB}.Release|Any CPU.Build.0 = Release|Any CPU
	EndGlobalSection
	GlobalSection(SolutionProperties) = preSolution
		HideSolutionNode = FALSE
	EndGlobalSection
	GlobalSection(ExtensibilityGlobals) = postSolution
		SolutionGuid = {EBBA29C8-FEB3-4727-858D-BAC4826E5F1B}
	EndGlobalSection
EndGlobal
